
Microsoft Visual Studio Solution File, Format Version 12.00
# Visual Studio Version 16
VisualStudioVersion = 16.0.31005.135
MinimumVisualStudioVersion = 10.0.40219.1
Project("{FAE04EC0-301F-11D3-BF4B-00C04F79EFBC}") = "ClickerApp.Android", "ClickerApp.Android\ClickerApp.Android.csproj", "{F9233782-99F5-41D0-9CC0-22C506C0C7FA}"
EndProject
Project("{FAE04EC0-301F-11D3-BF4B-00C04F79EFBC}") = "ClickerApp.iOS", "ClickerApp.iOS\ClickerApp.iOS.csproj", "{3D695C73-8AF6-4C19-9ED7-78B6793C288E}"
EndProject
Project("{9A19103F-16F7-4668-BE54-9A1E7A4F7556}") = "ClickerApp", "ClickerApp\ClickerApp.csproj", "{3F3084A9-0B81-4558-9BAC-69029394C8B3}"
EndProject
Project("{9A19103F-16F7-4668-BE54-9A1E7A4F7556}") = "Database", "Database\Database.csproj", "{ACAD9E84-FC1D-4D2A-A649-CF3D5EA11716}"
EndProject
Project("{9A19103F-16F7-4668-BE54-9A1E7A4F7556}") = "Test", "Test\Test.csproj", "{E15B95B8-1CC0-4BE2-A730-C995C8F63B00}"
EndProject
Project("{FAE04EC0-301F-11D3-BF4B-00C04F79EFBC}") = "Model", "Model\Model.csproj", "{AD66806C-EB33-4FB3-8ACE-C631EC332974}"
EndProject
Global
	GlobalSection(SolutionConfigurationPlatforms) = preSolution
		Debug|Any CPU = Debug|Any CPU
		Debug|iPhone = Debug|iPhone
		Debug|iPhoneSimulator = Debug|iPhoneSimulator
		Release|Any CPU = Release|Any CPU
		Release|iPhone = Release|iPhone
		Release|iPhoneSimulator = Release|iPhoneSimulator
	EndGlobalSection
	GlobalSection(ProjectConfigurationPlatforms) = postSolution
		{F9233782-99F5-41D0-9CC0-22C506C0C7FA}.Debug|Any CPU.ActiveCfg = Debug|Any CPU
		{F9233782-99F5-41D0-9CC0-22C506C0C7FA}.Debug|Any CPU.Build.0 = Debug|Any CPU
		{F9233782-99F5-41D0-9CC0-22C506C0C7FA}.Debug|Any CPU.Deploy.0 = Debug|Any CPU
		{F9233782-99F5-41D0-9CC0-22C506C0C7FA}.Debug|iPhone.ActiveCfg = Debug|Any CPU
		{F9233782-99F5-41D0-9CC0-22C506C0C7FA}.Debug|iPhone.Build.0 = Debug|Any CPU
		{F9233782-99F5-41D0-9CC0-22C506C0C7FA}.Debug|iPhone.Deploy.0 = Debug|Any CPU
		{F9233782-99F5-41D0-9CC0-22C506C0C7FA}.Debug|iPhoneSimulator.ActiveCfg = Debug|Any CPU
		{F9233782-99F5-41D0-9CC0-22C506C0C7FA}.Debug|iPhoneSimulator.Build.0 = Debug|Any CPU
		{F9233782-99F5-41D0-9CC0-22C506C0C7FA}.Debug|iPhoneSimulator.Deploy.0 = Debug|Any CPU
		{F9233782-99F5-41D0-9CC0-22C506C0C7FA}.Release|Any CPU.ActiveCfg = Release|Any CPU
		{F9233782-99F5-41D0-9CC0-22C506C0C7FA}.Release|Any CPU.Build.0 = Release|Any CPU
		{F9233782-99F5-41D0-9CC0-22C506C0C7FA}.Release|Any CPU.Deploy.0 = Release|Any CPU
		{F9233782-99F5-41D0-9CC0-22C506C0C7FA}.Release|iPhone.ActiveCfg = Release|Any CPU
		{F9233782-99F5-41D0-9CC0-22C506C0C7FA}.Release|iPhone.Build.0 = Release|Any CPU
		{F9233782-99F5-41D0-9CC0-22C506C0C7FA}.Release|iPhone.Deploy.0 = Release|Any CPU
		{F9233782-99F5-41D0-9CC0-22C506C0C7FA}.Release|iPhoneSimulator.ActiveCfg = Release|Any CPU
		{F9233782-99F5-41D0-9CC0-22C506C0C7FA}.Release|iPhoneSimulator.Build.0 = Release|Any CPU
		{F9233782-99F5-41D0-9CC0-22C506C0C7FA}.Release|iPhoneSimulator.Deploy.0 = Release|Any CPU
		{3D695C73-8AF6-4C19-9ED7-78B6793C288E}.Debug|Any CPU.ActiveCfg = Debug|iPhone
		{3D695C73-8AF6-4C19-9ED7-78B6793C288E}.Debug|Any CPU.Build.0 = Debug|iPhone
		{3D695C73-8AF6-4C19-9ED7-78B6793C288E}.Debug|Any CPU.Deploy.0 = Debug|iPhone
		{3D695C73-8AF6-4C19-9ED7-78B6793C288E}.Debug|iPhone.ActiveCfg = Debug|iPhone
		{3D695C73-8AF6-4C19-9ED7-78B6793C288E}.Debug|iPhone.Build.0 = Debug|iPhone
		{3D695C73-8AF6-4C19-9ED7-78B6793C288E}.Debug|iPhone.Deploy.0 = Debug|iPhone
		{3D695C73-8AF6-4C19-9ED7-78B6793C288E}.Debug|iPhoneSimulator.ActiveCfg = Debug|iPhoneSimulator
		{3D695C73-8AF6-4C19-9ED7-78B6793C288E}.Debug|iPhoneSimulator.Build.0 = Debug|iPhoneSimulator
		{3D695C73-8AF6-4C19-9ED7-78B6793C288E}.Debug|iPhoneSimulator.Deploy.0 = Debug|iPhoneSimulator
		{3D695C73-8AF6-4C19-9ED7-78B6793C288E}.Release|Any CPU.ActiveCfg = Release|iPhoneSimulator
		{3D695C73-8AF6-4C19-9ED7-78B6793C288E}.Release|Any CPU.Build.0 = Release|iPhoneSimulator
		{3D695C73-8AF6-4C19-9ED7-78B6793C288E}.Release|Any CPU.Deploy.0 = Release|iPhoneSimulator
		{3D695C73-8AF6-4C19-9ED7-78B6793C288E}.Release|iPhone.ActiveCfg = Release|iPhone
		{3D695C73-8AF6-4C19-9ED7-78B6793C288E}.Release|iPhone.Build.0 = Release|iPhone
		{3D695C73-8AF6-4C19-9ED7-78B6793C288E}.Release|iPhone.Deploy.0 = Release|iPhone
		{3D695C73-8AF6-4C19-9ED7-78B6793C288E}.Release|iPhoneSimulator.ActiveCfg = Release|iPhoneSimulator
		{3D695C73-8AF6-4C19-9ED7-78B6793C288E}.Release|iPhoneSimulator.Build.0 = Release|iPhoneSimulator
		{3D695C73-8AF6-4C19-9ED7-78B6793C288E}.Release|iPhoneSimulator.Deploy.0 = Release|iPhoneSimulator
		{3F3084A9-0B81-4558-9BAC-69029394C8B3}.Debug|Any CPU.ActiveCfg = Debug|Any CPU
		{3F3084A9-0B81-4558-9BAC-69029394C8B3}.Debug|Any CPU.Build.0 = Debug|Any CPU
		{3F3084A9-0B81-4558-9BAC-69029394C8B3}.Debug|Any CPU.Deploy.0 = Debug|Any CPU
		{3F3084A9-0B81-4558-9BAC-69029394C8B3}.Debug|iPhone.ActiveCfg = Debug|Any CPU
		{3F3084A9-0B81-4558-9BAC-69029394C8B3}.Debug|iPhone.Build.0 = Debug|Any CPU
		{3F3084A9-0B81-4558-9BAC-69029394C8B3}.Debug|iPhone.Deploy.0 = Debug|Any CPU
		{3F3084A9-0B81-4558-9BAC-69029394C8B3}.Debug|iPhoneSimulator.ActiveCfg = Debug|Any CPU
		{3F3084A9-0B81-4558-9BAC-69029394C8B3}.Debug|iPhoneSimulator.Build.0 = Debug|Any CPU
		{3F3084A9-0B81-4558-9BAC-69029394C8B3}.Debug|iPhoneSimulator.Deploy.0 = Debug|Any CPU
		{3F3084A9-0B81-4558-9BAC-69029394C8B3}.Release|Any CPU.ActiveCfg = Release|Any CPU
		{3F3084A9-0B81-4558-9BAC-69029394C8B3}.Release|Any CPU.Build.0 = Release|Any CPU
		{3F3084A9-0B81-4558-9BAC-69029394C8B3}.Release|Any CPU.Deploy.0 = Release|Any CPU
		{3F3084A9-0B81-4558-9BAC-69029394C8B3}.Release|iPhone.ActiveCfg = Release|Any CPU
		{3F3084A9-0B81-4558-9BAC-69029394C8B3}.Release|iPhone.Build.0 = Release|Any CPU
		{3F3084A9-0B81-4558-9BAC-69029394C8B3}.Release|iPhone.Deploy.0 = Release|Any CPU
		{3F3084A9-0B81-4558-9BAC-69029394C8B3}.Release|iPhoneSimulator.ActiveCfg = Release|Any CPU
		{3F3084A9-0B81-4558-9BAC-69029394C8B3}.Release|iPhoneSimulator.Build.0 = Release|Any CPU
		{3F3084A9-0B81-4558-9BAC-69029394C8B3}.Release|iPhoneSimulator.Deploy.0 = Release|Any CPU
		{ACAD9E84-FC1D-4D2A-A649-CF3D5EA11716}.Debug|Any CPU.ActiveCfg = Debug|Any CPU
		{ACAD9E84-FC1D-4D2A-A649-CF3D5EA11716}.Debug|Any CPU.Build.0 = Debug|Any CPU
		{ACAD9E84-FC1D-4D2A-A649-CF3D5EA11716}.Debug|iPhone.ActiveCfg = Debug|Any CPU
		{ACAD9E84-FC1D-4D2A-A649-CF3D5EA11716}.Debug|iPhone.Build.0 = Debug|Any CPU
		{ACAD9E84-FC1D-4D2A-A649-CF3D5EA11716}.Debug|iPhoneSimulator.ActiveCfg = Debug|Any CPU
		{ACAD9E84-FC1D-4D2A-A649-CF3D5EA11716}.Debug|iPhoneSimulator.Build.0 = Debug|Any CPU
		{ACAD9E84-FC1D-4D2A-A649-CF3D5EA11716}.Release|Any CPU.ActiveCfg = Release|Any CPU
		{ACAD9E84-FC1D-4D2A-A649-CF3D5EA11716}.Release|Any CPU.Build.0 = Release|Any CPU
		{ACAD9E84-FC1D-4D2A-A649-CF3D5EA11716}.Release|iPhone.ActiveCfg = Release|Any CPU
		{ACAD9E84-FC1D-4D2A-A649-CF3D5EA11716}.Release|iPhone.Build.0 = Release|Any CPU
		{ACAD9E84-FC1D-4D2A-A649-CF3D5EA11716}.Release|iPhoneSimulator.ActiveCfg = Release|Any CPU
		{ACAD9E84-FC1D-4D2A-A649-CF3D5EA11716}.Release|iPhoneSimulator.Build.0 = Release|Any CPU
		{E15B95B8-1CC0-4BE2-A730-C995C8F63B00}.Debug|Any CPU.ActiveCfg = Debug|Any CPU
		{E15B95B8-1CC0-4BE2-A730-C995C8F63B00}.Debug|Any CPU.Build.0 = Debug|Any CPU
		{E15B95B8-1CC0-4BE2-A730-C995C8F63B00}.Debug|iPhone.ActiveCfg = Debug|Any CPU
		{E15B95B8-1CC0-4BE2-A730-C995C8F63B00}.Debug|iPhone.Build.0 = Debug|Any CPU
		{E15B95B8-1CC0-4BE2-A730-C995C8F63B00}.Debug|iPhoneSimulator.ActiveCfg = Debug|Any CPU
		{E15B95B8-1CC0-4BE2-A730-C995C8F63B00}.Debug|iPhoneSimulator.Build.0 = Debug|Any CPU
		{E15B95B8-1CC0-4BE2-A730-C995C8F63B00}.Release|Any CPU.ActiveCfg = Release|Any CPU
		{E15B95B8-1CC0-4BE2-A730-C995C8F63B00}.Release|Any CPU.Build.0 = Release|Any CPU
		{E15B95B8-1CC0-4BE2-A730-C995C8F63B00}.Release|iPhone.ActiveCfg = Release|Any CPU
		{E15B95B8-1CC0-4BE2-A730-C995C8F63B00}.Release|iPhone.Build.0 = Release|Any CPU
		{E15B95B8-1CC0-4BE2-A730-C995C8F63B00}.Release|iPhoneSimulator.ActiveCfg = Release|Any CPU
		{E15B95B8-1CC0-4BE2-A730-C995C8F63B00}.Release|iPhoneSimulator.Build.0 = Release|Any CPU
		{AD66806C-EB33-4FB3-8ACE-C631EC332974}.Debug|Any CPU.ActiveCfg = Debug|Any CPU
		{AD66806C-EB33-4FB3-8ACE-C631EC332974}.Debug|Any CPU.Build.0 = Debug|Any CPU
		{AD66806C-EB33-4FB3-8ACE-C631EC332974}.Debug|iPhone.ActiveCfg = Debug|Any CPU
		{AD66806C-EB33-4FB3-8ACE-C631EC332974}.Debug|iPhone.Build.0 = Debug|Any CPU
		{AD66806C-EB33-4FB3-8ACE-C631EC332974}.Debug|iPhoneSimulator.ActiveCfg = Debug|Any CPU
		{AD66806C-EB33-4FB3-8ACE-C631EC332974}.Debug|iPhoneSimulator.Build.0 = Debug|Any CPU
		{AD66806C-EB33-4FB3-8ACE-C631EC332974}.Release|Any CPU.ActiveCfg = Release|Any CPU
		{AD66806C-EB33-4FB3-8ACE-C631EC332974}.Release|Any CPU.Build.0 = Release|Any CPU
		{AD66806C-EB33-4FB3-8ACE-C631EC332974}.Release|iPhone.ActiveCfg = Release|Any CPU
		{AD66806C-EB33-4FB3-8ACE-C631EC332974}.Release|iPhone.Build.0 = Release|Any CPU
		{AD66806C-EB33-4FB3-8ACE-C631EC332974}.Release|iPhoneSimulator.ActiveCfg = Release|Any CPU
		{AD66806C-EB33-4FB3-8ACE-C631EC332974}.Release|iPhoneSimulator.Build.0 = Release|Any CPU
	EndGlobalSection
	GlobalSection(SolutionProperties) = preSolution
		HideSolutionNode = FALSE
	EndGlobalSection
	GlobalSection(ExtensibilityGlobals) = postSolution
		SolutionGuid = {DB7C35AF-9595-4513-8F78-B28F80482754}
	EndGlobalSection
EndGlobal
